
Microsoft Visual Studio Solution File, Format Version 12.00
# Visual Studio Version 16
VisualStudioVersion = 16.0.31112.23
MinimumVisualStudioVersion = 10.0.40219.1
Project("{9A19103F-16F7-4668-BE54-9A1E7A4F7556}") = "WebScraper", "WebScraper\WebScraper.csproj", "{59FEF7EB-6145-48F0-B0FF-6738ECA12A46}"
EndProject
Project("{9A19103F-16F7-4668-BE54-9A1E7A4F7556}") = "DebugOne", "DebugOne\DebugOne.csproj", "{5F43C769-880C-4CDD-9498-A04B8F556412}"
EndProject
Project("{FAE04EC0-301F-11D3-BF4B-00C04F79EFBC}") = "ConsoleApp1", "ConsoleApp1\ConsoleApp1.csproj", "{E6D56064-74EB-4573-B4C1-A94A1708EB2D}"
EndProject
Global
	GlobalSection(SolutionConfigurationPlatforms) = preSolution
		Debug|Any CPU = Debug|Any CPU
		Release|Any CPU = Release|Any CPU
	EndGlobalSection
	GlobalSection(ProjectConfigurationPlatforms) = postSolution
		{59FEF7EB-6145-48F0-B0FF-6738ECA12A46}.Debug|Any CPU.ActiveCfg = Debug|Any CPU
		{59FEF7EB-6145-48F0-B0FF-6738ECA12A46}.Debug|Any CPU.Build.0 = Debug|Any CPU
		{59FEF7EB-6145-48F0-B0FF-6738ECA12A46}.Release|Any CPU.ActiveCfg = Release|Any CPU
		{59FEF7EB-6145-48F0-B0FF-6738ECA12A46}.Release|Any CPU.Build.0 = Release|Any CPU
		{5F43C769-880C-4CDD-9498-A04B8F556412}.Debug|Any CPU.ActiveCfg = Debug|Any CPU
		{5F43C769-880C-4CDD-9498-A04B8F556412}.Debug|Any CPU.Build.0 = Debug|Any CPU
		{5F43C769-880C-4CDD-9498-A04B8F556412}.Release|Any CPU.ActiveCfg = Release|Any CPU
		{5F43C769-880C-4CDD-9498-A04B8F556412}.Release|Any CPU.Build.0 = Release|Any CPU
		{E6D56064-74EB-4573-B4C1-A94A1708EB2D}.Debug|Any CPU.ActiveCfg = Debug|Any CPU
		{E6D56064-74EB-4573-B4C1-A94A1708EB2D}.Debug|Any CPU.Build.0 = Debug|Any CPU
		{E6D56064-74EB-4573-B4C1-A94A1708EB2D}.Release|Any CPU.ActiveCfg = Release|Any CPU
		{E6D56064-74EB-4573-B4C1-A94A1708EB2D}.Release|Any CPU.Build.0 = Release|Any CPU
	EndGlobalSection
	GlobalSection(SolutionProperties) = preSolution
		HideSolutionNode = FALSE
	EndGlobalSection
	GlobalSection(ExtensibilityGlobals) = postSolution
		SolutionGuid = {D82ED2FD-C411-4650-9788-EBFD19C82DB3}
	EndGlobalSection
EndGlobal
